{
    "_readme": [
        "This file locks the dependencies of your project to a known state",
        "Read more about it at https://getcomposer.org/doc/01-basic-usage.md#installing-dependencies",
        "This file is @generated automatically"
    ],
    "content-hash": "f65dc00c6cbd1606082d0cb362e7dba8",
    "packages": [
        {
            "name": "ozdemir/datatables",
            "version": "2.2.0",
            "source": {
                "type": "git",
                "url": "https://github.com/n1crack/datatables.git",
                "reference": "5ff814b2957a8ef72e52d3adfdb17cbe41455ec5"
            },
            "dist": {
                "type": "zip",
                "url": "https://api.github.com/repos/n1crack/datatables/zipball/5ff814b2957a8ef72e52d3adfdb17cbe41455ec5",
                "reference": "5ff814b2957a8ef72e52d3adfdb17cbe41455ec5",
                "shasum": ""
            },
            "require": {
                "php": ">=7.1.3"
            },
            "require-dev": {
                "phpspec/phpspec": "^4.0",
                "phpunit/phpunit": "^7.0"
            },
            "type": "library",
            "autoload": {
                "psr-4": {
                    "Ozdemir\\Datatables\\": "src/"
                }
            },
            "notification-url": "https://packagist.org/downloads/",
            "license": [
                "MIT"
            ],
            "authors": [
                {
                    "name": "Yusuf Özdemir",
                    "email": "yusuf@ozdemir.be"
                }
            ],
            "description": "PHP Library to handle server-side processing for Datatables, in a fast and simple way.",
            "time": "2019-10-05T16:58:28+00:00"
        }
    ],
    "packages-dev": [],
    "aliases": [],
    "minimum-stability": "stable",
    "stability-flags": [],
    "prefer-stable": false,
    "prefer-lowest": false,
    "platform": [],
    "platform-dev": []
}
